
Microsoft Visual Studio Solution File, Format Version 12.00
# Visual Studio Version 17
VisualStudioVersion = 17.9.34902.65
MinimumVisualStudioVersion = 10.0.40219.1
Project("{9A19103F-16F7-4668-BE54-9A1E7A4F7556}") = "ImageCut_Pro", "ShareLove\ImageCut_Pro.csproj", "{FD1B28D9-1F98-4A47-9736-1D49D6A6F732}"
EndProject
Global
	GlobalSection(SolutionConfigurationPlatforms) = preSolution
		Debug|Any CPU = Debug|Any CPU
		Release|Any CPU = Release|Any CPU
	EndGlobalSection
	GlobalSection(ProjectConfigurationPlatforms) = postSolution
		{FD1B28D9-1F98-4A47-9736-1D49D6A6F732}.Debug|Any CPU.ActiveCfg = Debug|Any CPU
		{FD1B28D9-1F98-4A47-9736-1D49D6A6F732}.Debug|Any CPU.Build.0 = Debug|Any CPU
		{FD1B28D9-1F98-4A47-9736-1D49D6A6F732}.Release|Any CPU.ActiveCfg = Release|Any CPU
		{FD1B28D9-1F98-4A47-9736-1D49D6A6F732}.Release|Any CPU.Build.0 = Release|Any CPU
	EndGlobalSection
	GlobalSection(SolutionProperties) = preSolution
		HideSolutionNode = FALSE
	EndGlobalSection
	GlobalSection(ExtensibilityGlobals) = postSolution
		SolutionGuid = {F5F88D4D-6753-4B65-9AF9-FF1B6A4DEF75}
	EndGlobalSection
EndGlobal
